
Microsoft Visual Studio Solution File, Format Version 12.00
# Visual Studio 15
VisualStudioVersion = 15.0.27703.2035
MinimumVisualStudioVersion = 10.0.40219.1
Project("{FAE04EC0-301F-11D3-BF4B-00C04F79EFBC}") = "DataToEntity", "DataToEntity\DataToEntity.csproj", "{BBDFDC53-0ACA-4708-B0AB-C29A56AF704B}"
EndProject
Global
	GlobalSection(SolutionConfigurationPlatforms) = preSolution
		Debug|Any CPU = Debug|Any CPU
		Release|Any CPU = Release|Any CPU
	EndGlobalSection
	GlobalSection(ProjectConfigurationPlatforms) = postSolution
		{BBDFDC53-0ACA-4708-B0AB-C29A56AF704B}.Debug|Any CPU.ActiveCfg = Debug|Any CPU
		{BBDFDC53-0ACA-4708-B0AB-C29A56AF704B}.Debug|Any CPU.Build.0 = Debug|Any CPU
		{BBDFDC53-0ACA-4708-B0AB-C29A56AF704B}.Release|Any CPU.ActiveCfg = Release|Any CPU
		{BBDFDC53-0ACA-4708-B0AB-C29A56AF704B}.Release|Any CPU.Build.0 = Release|Any CPU
	EndGlobalSection
	GlobalSection(SolutionProperties) = preSolution
		HideSolutionNode = FALSE
	EndGlobalSection
	GlobalSection(ExtensibilityGlobals) = postSolution
		SolutionGuid = {26F99974-B1AA-4A51-AA57-99F9BC155A87}
	EndGlobalSection
EndGlobal
